<?xml version="1.0" encoding="UTF-8"?>
<Scheme
   LastUpgradeVersion = "1520"
   version = "1.7">
   <BuildAction
      parallelizeBuildables = "YES"
      buildImplicitDependencies = "YES">
      <BuildActionEntries>
         <BuildActionEntry
            buildForTesting = "YES"
            buildForRunning = "YES"
            buildForProfiling = "YES"
            buildForArchiving = "YES"
            buildForAnalyzing = "YES">
            <BuildableReference
               BuildableIdentifier = "primary"
               BlueprintIdentifier = "BA30F1222B80B1C800B715E5"
               BuildableName = "GigaGenerator.app"
               BlueprintName = "GigaGenerator"
               ReferencedContainer = "container:GigaGenerator.xcodeproj">
            </BuildableReference>
         </BuildActionEntry>
      </BuildActionEntries>
   </BuildAction>
   <TestAction
      buildConfiguration = "Debug"
      selectedDebuggerIdentifier = "Xcode.DebuggerFoundation.Debugger.LLDB"
      selectedLauncherIdentifier = "Xcode.DebuggerFoundation.Launcher.LLDB"
      shouldUseLaunchSchemeArgsEnv = "YES"
      shouldAutocreateTestPlan = "YES">
      <Testables>
         <TestableReference
            skipped = "NO"
            parallelizable = "YES">
            <BuildableReference
               BuildableIdentifier = "primary"
               BlueprintIdentifier = "BA30F1322B80B1C900B715E5"
               BuildableName = "GigaGeneratorTests.xctest"
               BlueprintName = "GigaGeneratorTests"
               ReferencedContainer = "container:GigaGenerator.xcodeproj">
            </BuildableReference>
         </TestableReference>
         <TestableReference
            skipped = "NO"
            parallelizable = "YES">
            <BuildableReference
               BuildableIdentifier = "primary"
               BlueprintIdentifier = "BA30F13C2B80B1C900B715E5"
               BuildableName = "GigaGeneratorUITests.xctest"
               BlueprintName = "GigaGeneratorUITests"
               ReferencedContainer = "container:GigaGenerator.xcodeproj">
            </BuildableReference>
         </TestableReference>
      </Testables>
   </TestAction>
   <LaunchAction
      buildConfiguration = "Debug"
      selectedDebuggerIdentifier = "Xcode.DebuggerFoundation.Debugger.LLDB"
      selectedLauncherIdentifier = "Xcode.DebuggerFoundation.Launcher.LLDB"
      launchStyle = "0"
      useCustomWorkingDirectory = "NO"
      ignoresPersistentStateOnLaunch = "NO"
      debugDocumentVersioning = "YES"
      debugServiceExtension = "internal"
      allowLocationSimulation = "YES">
      <BuildableProductRunnable
         runnableDebuggingMode = "0">
         <BuildableReference
            BuildableIdentifier = "primary"
            BlueprintIdentifier = "BA30F1222B80B1C800B715E5"
            BuildableName = "GigaGenerator.app"
            BlueprintName = "GigaGenerator"
            ReferencedContainer = "container:GigaGenerator.xcodeproj">
         </BuildableReference>
      </BuildableProductRunnable>
      <EnvironmentVariables>
         <EnvironmentVariable
            key = "GIGA_API_KEY"
            value = "eyJjdHkiOiJqd3QiLCJlbmMiOiJBMjU2Q0JDLUhTNTEyIiwiYWxnIjoiUlNBLU9BRVAtMjU2In0.NAdi7nm7HU2sI9-z0vexEz7DTep_afiYpFnfCV_kNIegEqh8FQ-bV5G5u6iLyyRH4RYHBQFfyJOlDzNIPTDBfzDMS2DFRALbxOyE6d-bNRiUR5t4Lq66eAvAVTM6DETZXy0fGWkE4P7an6t2CDj20zsHWK4ADSbFzg13LGBnGpYj5_AEopj001genZcyyQuoGfKraIzULsr6y64yJSnOGDAXwFIPpP3RRDUk4lNFY6QezGFdB-PnTUKPI-SITQfawfqF_DmP96C1_dYX-gMMj46rcKcPyDw_EgZLMAJWBwRJy3zp390nPkd_6EArAzdZsrgruDZbD1opQ1LWOagMDA.4-p1b0dHoplfuhgT6J8jjQ.Iso6Q9HsblqlxEjzAYst0uykltxy-mYgPCpgjpVTgVt1djZGh_zsbXSM3HZ9F4yYYyNueas9Y-cjqQBsjFN52ovx15Aa2KORMTRYqIXxb0PePqAEUTrPdl-KKLDwg6t0QsFsZe8ADlC57i7x0mgg9r5wiaHIArtBT9CVmhaVMKqfzhZZAMY-tpVfRPLRvHfm0MPdf_cb-5yn5OQDf2-HRS3giHSPI-JdWddPa67lcTR67jtYErF5PiHPUhCvRzENomBOQ3w4eFk2G2F86aDWGoAzbvqPLxjZj26cLQ9PXccZz6ZVN090p322Coq-6ail4Z33M3Li7txvH43m9P0ORRpQzs4VDYCuOLlrG-TBrFmfmk9U7nj31MwSsZFQoSPrKBfLrmzaANfSfwYf2FssIUDPr9iBBMHrZKs60SSHGH_KRSvcPVGXYxHWTwcpfaZ-ByAm0_rGMPmRhnFoOm9RBCm8Twe9I4ZWPKeU0BGa5NLmWhW4IZXLU0y68C5ZYTHPEQ0U751oh-O93v7RRAVZQSCRwl3SvwYfHfrIw7Pi0nIem3_Ss9sCekll-i3EU5xvL_S5zMdKzCv3UV6unkXw6tLtm8xSF11LjCSZ2zWk4zFxL80c7BrM2Dj9ULLscvffVkF1FGojJg__aRKUb_O5Chd_LGkHIc9E4ZbDT8JEoW2d4NDTHrzvahF6OpPWmkjcdhMFQ1k8Rkd-YFg2NnQEA5V2-89SqOfAYTPPnMuNR7s.nO09O8fF20YH_7XYkQo-8RX4lSCs-V5A7x7m8UiCLPw"
            isEnabled = "YES">
         </EnvironmentVariable>
      </EnvironmentVariables>
   </LaunchAction>
   <ProfileAction
      buildConfiguration = "Release"
      shouldUseLaunchSchemeArgsEnv = "YES"
      savedToolIdentifier = ""
      useCustomWorkingDirectory = "NO"
      debugDocumentVersioning = "YES">
      <BuildableProductRunnable
         runnableDebuggingMode = "0">
         <BuildableReference
            BuildableIdentifier = "primary"
            BlueprintIdentifier = "BA30F1222B80B1C800B715E5"
            BuildableName = "GigaGenerator.app"
            BlueprintName = "GigaGenerator"
            ReferencedContainer = "container:GigaGenerator.xcodeproj">
         </BuildableReference>
      </BuildableProductRunnable>
   </ProfileAction>
   <AnalyzeAction
      buildConfiguration = "Debug">
   </AnalyzeAction>
   <ArchiveAction
      buildConfiguration = "Release"
      revealArchiveInOrganizer = "YES">
   </ArchiveAction>
</Scheme>
